
Microsoft Visual Studio Solution File, Format Version 12.00
# Visual Studio 2013
VisualStudioVersion = 12.0.21005.1
MinimumVisualStudioVersion = 10.0.40219.1
Project("{FAE04EC0-301F-11D3-BF4B-00C04F79EFBC}") = "Mail2Bug", "Mail2Bug\Mail2Bug.csproj", "{22CB93EF-6D91-40B7-A6C9-E5F67595160E}"
EndProject
Project("{FAE04EC0-301F-11D3-BF4B-00C04F79EFBC}") = "Mail2BugUnitTests", "Mail2BugUnitTests\Mail2BugUnitTests.csproj", "{51B514A3-6414-40FA-B1A8-BFACDC3FD6B6}"
EndProject
Project("{FAE04EC0-301F-11D3-BF4B-00C04F79EFBC}") = "DpapiTool", "Tools\DpapiTool\DpapiTool.csproj", "{4788593C-88FA-4F93-85ED-681E8B165760}"
EndProject
Global
	GlobalSection(SolutionConfigurationPlatforms) = preSolution
		Debug|Any CPU = Debug|Any CPU
		Release|Any CPU = Release|Any CPU
	EndGlobalSection
	GlobalSection(ProjectConfigurationPlatforms) = postSolution
		{22CB93EF-6D91-40B7-A6C9-E5F67595160E}.Debug|Any CPU.ActiveCfg = Debug|Any CPU
		{22CB93EF-6D91-40B7-A6C9-E5F67595160E}.Debug|Any CPU.Build.0 = Debug|Any CPU
		{22CB93EF-6D91-40B7-A6C9-E5F67595160E}.Release|Any CPU.ActiveCfg = Release|Any CPU
		{22CB93EF-6D91-40B7-A6C9-E5F67595160E}.Release|Any CPU.Build.0 = Release|Any CPU
		{51B514A3-6414-40FA-B1A8-BFACDC3FD6B6}.Debug|Any CPU.ActiveCfg = Debug|Any CPU
		{51B514A3-6414-40FA-B1A8-BFACDC3FD6B6}.Debug|Any CPU.Build.0 = Debug|Any CPU
		{51B514A3-6414-40FA-B1A8-BFACDC3FD6B6}.Release|Any CPU.ActiveCfg = Release|Any CPU
		{51B514A3-6414-40FA-B1A8-BFACDC3FD6B6}.Release|Any CPU.Build.0 = Release|Any CPU
		{4788593C-88FA-4F93-85ED-681E8B165760}.Debug|Any CPU.ActiveCfg = Debug|Any CPU
		{4788593C-88FA-4F93-85ED-681E8B165760}.Debug|Any CPU.Build.0 = Debug|Any CPU
		{4788593C-88FA-4F93-85ED-681E8B165760}.Release|Any CPU.ActiveCfg = Release|Any CPU
		{4788593C-88FA-4F93-85ED-681E8B165760}.Release|Any CPU.Build.0 = Release|Any CPU
	EndGlobalSection
	GlobalSection(SolutionProperties) = preSolution
		HideSolutionNode = FALSE
	EndGlobalSection
EndGlobal
